// !$*UTF8*$!
{
	archiveVersion = 1;
	classes = {
	};
	objectVersion = 55;
	objects = {

/* Begin PBXBuildFile section */
		21168B24B9475371F5398A36 /* Pods_LeBaluchon.framework in Frameworks */ = {isa = PBXBuildFile; fileRef = 43BC929D0E5493A03B62CCF1 /* Pods_LeBaluchon.framework */; };
		534BA93728C5FB5F004CDE20 /* MessageAlerts.swift in Sources */ = {isa = PBXBuildFile; fileRef = 534BA93628C5FB5F004CDE20 /* MessageAlerts.swift */; };
		534C3802288A026B00368170 /* Lottie_Currency.json in Resources */ = {isa = PBXBuildFile; fileRef = 534C3801288A026B00368170 /* Lottie_Currency.json */; };
		5376010D285114FF00A9D833 /* AppDelegate.swift in Sources */ = {isa = PBXBuildFile; fileRef = 5376010C285114FF00A9D833 /* AppDelegate.swift */; };
		5376010F285114FF00A9D833 /* SceneDelegate.swift in Sources */ = {isa = PBXBuildFile; fileRef = 5376010E285114FF00A9D833 /* SceneDelegate.swift */; };
		53760114285114FF00A9D833 /* Main.storyboard in Resources */ = {isa = PBXBuildFile; fileRef = 53760112285114FF00A9D833 /* Main.storyboard */; };
		537601162851150600A9D833 /* Assets.xcassets in Resources */ = {isa = PBXBuildFile; fileRef = 537601152851150600A9D833 /* Assets.xcassets */; };
		537601192851150600A9D833 /* LaunchScreen.storyboard in Resources */ = {isa = PBXBuildFile; fileRef = 537601172851150600A9D833 /* LaunchScreen.storyboard */; };
		537601242851150700A9D833 /* LeBaluchonTests.swift in Sources */ = {isa = PBXBuildFile; fileRef = 537601232851150700A9D833 /* LeBaluchonTests.swift */; };
		5376012E2851150700A9D833 /* LeBaluchonUITests.swift in Sources */ = {isa = PBXBuildFile; fileRef = 5376012D2851150700A9D833 /* LeBaluchonUITests.swift */; };
		537601302851150700A9D833 /* LeBaluchonUITestsLaunchTests.swift in Sources */ = {isa = PBXBuildFile; fileRef = 5376012F2851150700A9D833 /* LeBaluchonUITestsLaunchTests.swift */; };
		5376013E2851154500A9D833 /* WeatherViewController.swift in Sources */ = {isa = PBXBuildFile; fileRef = 5376013D2851154500A9D833 /* WeatherViewController.swift */; };
		53760140285115D500A9D833 /* CurrencyViewController.swift in Sources */ = {isa = PBXBuildFile; fileRef = 5376013F285115D500A9D833 /* CurrencyViewController.swift */; };
		537601422851161100A9D833 /* TranslationViewController.swift in Sources */ = {isa = PBXBuildFile; fileRef = 537601412851161100A9D833 /* TranslationViewController.swift */; };
		53B0103328A4463500462024 /* Languages.swift in Sources */ = {isa = PBXBuildFile; fileRef = 53B0103228A4463500462024 /* Languages.swift */; };
		53B0AC7A2893D01E00C00469 /* TranslationService.swift in Sources */ = {isa = PBXBuildFile; fileRef = 53B0AC792893D01E00C00469 /* TranslationService.swift */; };
		53B0AC7C2893D02F00C00469 /* Translation.swift in Sources */ = {isa = PBXBuildFile; fileRef = 53B0AC7B2893D02F00C00469 /* Translation.swift */; };
		53BCDE1028A698E9002C82BB /* CurrencyService.swift in Sources */ = {isa = PBXBuildFile; fileRef = 53BCDE0F28A698E9002C82BB /* CurrencyService.swift */; };
		53BCDE1228A6A8FC002C82BB /* Currency.swift in Sources */ = {isa = PBXBuildFile; fileRef = 53BCDE1128A6A8FB002C82BB /* Currency.swift */; };
		53BD0A8E28ACEB4E00F68BD7 /* Currencies.swift in Sources */ = {isa = PBXBuildFile; fileRef = 53BD0A8D28ACEB4E00F68BD7 /* Currencies.swift */; };
		53BD130428B93EBE00FB74D1 /* WeatherService.swift in Sources */ = {isa = PBXBuildFile; fileRef = 53BD130328B93EBE00FB74D1 /* WeatherService.swift */; };
		53BD130628B93ECC00FB74D1 /* Weather.swift in Sources */ = {isa = PBXBuildFile; fileRef = 53BD130528B93ECC00FB74D1 /* Weather.swift */; };
		53C2771B28C8C6B4000ABCE5 /* Translate.json in Resources */ = {isa = PBXBuildFile; fileRef = 53C2771A28C8C6B4000ABCE5 /* Translate.json */; };
		53C2771F28C92BCE000ABCE5 /* Currency.json in Resources */ = {isa = PBXBuildFile; fileRef = 53C2771E28C92BCE000ABCE5 /* Currency.json */; };
		53C2772128C92C00000ABCE5 /* CurrencyServiceTestCase.swift in Sources */ = {isa = PBXBuildFile; fileRef = 53C2772028C92C00000ABCE5 /* CurrencyServiceTestCase.swift */; };
		53C2772428C93C41000ABCE5 /* WeatherServiceTestCase.swift in Sources */ = {isa = PBXBuildFile; fileRef = 53C2772328C93C41000ABCE5 /* WeatherServiceTestCase.swift */; };
		53C2772828C9D9F0000ABCE5 /* Weather.json in Resources */ = {isa = PBXBuildFile; fileRef = 53C2772728C9D9F0000ABCE5 /* Weather.json */; };
		53C2856E28BFAEDC00588086 /* 02n.json in Resources */ = {isa = PBXBuildFile; fileRef = 53C2855C28BFAEDB00588086 /* 02n.json */; };
		53C2856F28BFAEDC00588086 /* 10d.json in Resources */ = {isa = PBXBuildFile; fileRef = 53C2855D28BFAEDB00588086 /* 10d.json */; };
		53C2857028BFAEDC00588086 /* 10n.json in Resources */ = {isa = PBXBuildFile; fileRef = 53C2855E28BFAEDB00588086 /* 10n.json */; };
		53C2857128BFAEDC00588086 /* 50n.json in Resources */ = {isa = PBXBuildFile; fileRef = 53C2855F28BFAEDB00588086 /* 50n.json */; };
		53C2857228BFAEDC00588086 /* 03d.json in Resources */ = {isa = PBXBuildFile; fileRef = 53C2856028BFAEDB00588086 /* 03d.json */; };
		53C2857328BFAEDC00588086 /* 01n.json in Resources */ = {isa = PBXBuildFile; fileRef = 53C2856128BFAEDB00588086 /* 01n.json */; };
		53C2857428BFAEDC00588086 /* 04n.json in Resources */ = {isa = PBXBuildFile; fileRef = 53C2856228BFAEDB00588086 /* 04n.json */; };
		53C2857528BFAEDC00588086 /* 13d.json in Resources */ = {isa = PBXBuildFile; fileRef = 53C2856328BFAEDB00588086 /* 13d.json */; };
		53C2857628BFAEDC00588086 /* 04d.json in Resources */ = {isa = PBXBuildFile; fileRef = 53C2856428BFAEDB00588086 /* 04d.json */; };
		53C2857728BFAEDC00588086 /* 09n.json in Resources */ = {isa = PBXBuildFile; fileRef = 53C2856528BFAEDB00588086 /* 09n.json */; };
		53C2857828BFAEDC00588086 /* 13n.json in Resources */ = {isa = PBXBuildFile; fileRef = 53C2856628BFAEDB00588086 /* 13n.json */; };
		53C2857928BFAEDC00588086 /* 50d.json in Resources */ = {isa = PBXBuildFile; fileRef = 53C2856728BFAEDB00588086 /* 50d.json */; };
		53C2857A28BFAEDC00588086 /* 03n.json in Resources */ = {isa = PBXBuildFile; fileRef = 53C2856828BFAEDB00588086 /* 03n.json */; };
		53C2857B28BFAEDC00588086 /* 11n.json in Resources */ = {isa = PBXBuildFile; fileRef = 53C2856928BFAEDB00588086 /* 11n.json */; };
		53C2857C28BFAEDC00588086 /* 11d.json in Resources */ = {isa = PBXBuildFile; fileRef = 53C2856A28BFAEDB00588086 /* 11d.json */; };
		53C2857D28BFAEDC00588086 /* 01d.json in Resources */ = {isa = PBXBuildFile; fileRef = 53C2856B28BFAEDC00588086 /* 01d.json */; };
		53C2857E28BFAEDC00588086 /* 02d.json in Resources */ = {isa = PBXBuildFile; fileRef = 53C2856C28BFAEDC00588086 /* 02d.json */; };
		53C2857F28BFAEDC00588086 /* 09d.json in Resources */ = {isa = PBXBuildFile; fileRef = 53C2856D28BFAEDC00588086 /* 09d.json */; };
		53C375EE28C3896D002D97B1 /* TranslationServiceTestCase.swift in Sources */ = {isa = PBXBuildFile; fileRef = 53C375ED28C3896D002D97B1 /* TranslationServiceTestCase.swift */; };
		53C44AEC28C669D000387A9A /* URLSessionFake.swift in Sources */ = {isa = PBXBuildFile; fileRef = 53C44AEB28C669CF00387A9A /* URLSessionFake.swift */; };
		53C44AEE28C66A2200387A9A /* FakeResponseData.swift in Sources */ = {isa = PBXBuildFile; fileRef = 53C44AED28C66A2200387A9A /* FakeResponseData.swift */; };
		53C44AF728C7E09500387A9A /* TranslationVC+CurrencyVC.swift in Sources */ = {isa = PBXBuildFile; fileRef = 53C44AF628C7E09500387A9A /* TranslationVC+CurrencyVC.swift */; };
		53CD127D2874BA9B00153C7E /* Lottie_Translate.json in Resources */ = {isa = PBXBuildFile; fileRef = 53CD127C2874BA9B00153C7E /* Lottie_Translate.json */; };
/* End PBXBuildFile section */

/* Begin PBXContainerItemProxy section */
		537601202851150700A9D833 /* PBXContainerItemProxy */ = {
			isa = PBXContainerItemProxy;
			containerPortal = 53760101285114FE00A9D833 /* Project object */;
			proxyType = 1;
			remoteGlobalIDString = 53760108285114FF00A9D833;
			remoteInfo = LeBaluchon;
		};
		5376012A2851150700A9D833 /* PBXContainerItemProxy */ = {
			isa = PBXContainerItemProxy;
			containerPortal = 53760101285114FE00A9D833 /* Project object */;
			proxyType = 1;
			remoteGlobalIDString = 53760108285114FF00A9D833;
			remoteInfo = LeBaluchon;
		};
/* End PBXContainerItemProxy section */

/* Begin PBXFileReference section */
		43BC929D0E5493A03B62CCF1 /* Pods_LeBaluchon.framework */ = {isa = PBXFileReference; explicitFileType = wrapper.framework; includeInIndex = 0; path = Pods_LeBaluchon.framework; sourceTree = BUILT_PRODUCTS_DIR; };
		534BA93628C5FB5F004CDE20 /* MessageAlerts.swift */ = {isa = PBXFileReference; lastKnownFileType = sourcecode.swift; path = MessageAlerts.swift; sourceTree = "<group>"; };
		534C3801288A026B00368170 /* Lottie_Currency.json */ = {isa = PBXFileReference; fileEncoding = 4; lastKnownFileType = text.json; name = Lottie_Currency.json; path = ../../../../Downloads/Lottie_Currency.json; sourceTree = "<group>"; };
		53760109285114FF00A9D833 /* LeBaluchon.app */ = {isa = PBXFileReference; explicitFileType = wrapper.application; includeInIndex = 0; path = LeBaluchon.app; sourceTree = BUILT_PRODUCTS_DIR; };
		5376010C285114FF00A9D833 /* AppDelegate.swift */ = {isa = PBXFileReference; lastKnownFileType = sourcecode.swift; path = AppDelegate.swift; sourceTree = "<group>"; };
		5376010E285114FF00A9D833 /* SceneDelegate.swift */ = {isa = PBXFileReference; lastKnownFileType = sourcecode.swift; path = SceneDelegate.swift; sourceTree = "<group>"; };
		53760113285114FF00A9D833 /* Base */ = {isa = PBXFileReference; lastKnownFileType = file.storyboard; name = Base; path = Base.lproj/Main.storyboard; sourceTree = "<group>"; };
		537601152851150600A9D833 /* Assets.xcassets */ = {isa = PBXFileReference; lastKnownFileType = folder.assetcatalog; path = Assets.xcassets; sourceTree = "<group>"; };
		537601182851150600A9D833 /* Base */ = {isa = PBXFileReference; lastKnownFileType = file.storyboard; name = Base; path = Base.lproj/LaunchScreen.storyboard; sourceTree = "<group>"; };
		5376011A2851150600A9D833 /* Info.plist */ = {isa = PBXFileReference; lastKnownFileType = text.plist.xml; path = Info.plist; sourceTree = "<group>"; };
		5376011F2851150700A9D833 /* LeBaluchonTests.xctest */ = {isa = PBXFileReference; explicitFileType = wrapper.cfbundle; includeInIndex = 0; path = LeBaluchonTests.xctest; sourceTree = BUILT_PRODUCTS_DIR; };
		537601232851150700A9D833 /* LeBaluchonTests.swift */ = {isa = PBXFileReference; lastKnownFileType = sourcecode.swift; path = LeBaluchonTests.swift; sourceTree = "<group>"; };
		537601292851150700A9D833 /* LeBaluchonUITests.xctest */ = {isa = PBXFileReference; explicitFileType = wrapper.cfbundle; includeInIndex = 0; path = LeBaluchonUITests.xctest; sourceTree = BUILT_PRODUCTS_DIR; };
		5376012D2851150700A9D833 /* LeBaluchonUITests.swift */ = {isa = PBXFileReference; lastKnownFileType = sourcecode.swift; path = LeBaluchonUITests.swift; sourceTree = "<group>"; };
		5376012F2851150700A9D833 /* LeBaluchonUITestsLaunchTests.swift */ = {isa = PBXFileReference; lastKnownFileType = sourcecode.swift; path = LeBaluchonUITestsLaunchTests.swift; sourceTree = "<group>"; };
		5376013D2851154500A9D833 /* WeatherViewController.swift */ = {isa = PBXFileReference; lastKnownFileType = sourcecode.swift; path = WeatherViewController.swift; sourceTree = "<group>"; };
		5376013F285115D500A9D833 /* CurrencyViewController.swift */ = {isa = PBXFileReference; lastKnownFileType = sourcecode.swift; path = CurrencyViewController.swift; sourceTree = "<group>"; };
		537601412851161100A9D833 /* TranslationViewController.swift */ = {isa = PBXFileReference; lastKnownFileType = sourcecode.swift; path = TranslationViewController.swift; sourceTree = "<group>"; };
		53B0103228A4463500462024 /* Languages.swift */ = {isa = PBXFileReference; lastKnownFileType = sourcecode.swift; path = Languages.swift; sourceTree = "<group>"; };
		53B0AC792893D01E00C00469 /* TranslationService.swift */ = {isa = PBXFileReference; lastKnownFileType = sourcecode.swift; path = TranslationService.swift; sourceTree = "<group>"; };
		53B0AC7B2893D02F00C00469 /* Translation.swift */ = {isa = PBXFileReference; lastKnownFileType = sourcecode.swift; path = Translation.swift; sourceTree = "<group>"; };
		53BCDE0F28A698E9002C82BB /* CurrencyService.swift */ = {isa = PBXFileReference; lastKnownFileType = sourcecode.swift; path = CurrencyService.swift; sourceTree = "<group>"; };
		53BCDE1128A6A8FB002C82BB /* Currency.swift */ = {isa = PBXFileReference; lastKnownFileType = sourcecode.swift; path = Currency.swift; sourceTree = "<group>"; };
		53BD0A8D28ACEB4E00F68BD7 /* Currencies.swift */ = {isa = PBXFileReference; lastKnownFileType = sourcecode.swift; path = Currencies.swift; sourceTree = "<group>"; };
		53BD130328B93EBE00FB74D1 /* WeatherService.swift */ = {isa = PBXFileReference; lastKnownFileType = sourcecode.swift; path = WeatherService.swift; sourceTree = "<group>"; };
		53BD130528B93ECC00FB74D1 /* Weather.swift */ = {isa = PBXFileReference; lastKnownFileType = sourcecode.swift; path = Weather.swift; sourceTree = "<group>"; };
		53C2771A28C8C6B4000ABCE5 /* Translate.json */ = {isa = PBXFileReference; lastKnownFileType = text.json; path = Translate.json; sourceTree = "<group>"; };
		53C2771E28C92BCE000ABCE5 /* Currency.json */ = {isa = PBXFileReference; lastKnownFileType = text.json; path = Currency.json; sourceTree = "<group>"; };
		53C2772028C92C00000ABCE5 /* CurrencyServiceTestCase.swift */ = {isa = PBXFileReference; lastKnownFileType = sourcecode.swift; path = CurrencyServiceTestCase.swift; sourceTree = "<group>"; };
		53C2772328C93C41000ABCE5 /* WeatherServiceTestCase.swift */ = {isa = PBXFileReference; lastKnownFileType = sourcecode.swift; path = WeatherServiceTestCase.swift; sourceTree = "<group>"; };
		53C2772728C9D9F0000ABCE5 /* Weather.json */ = {isa = PBXFileReference; lastKnownFileType = text.json; path = Weather.json; sourceTree = "<group>"; };
		53C2855C28BFAEDB00588086 /* 02n.json */ = {isa = PBXFileReference; fileEncoding = 4; lastKnownFileType = text.json; path = 02n.json; sourceTree = "<group>"; };
		53C2855D28BFAEDB00588086 /* 10d.json */ = {isa = PBXFileReference; fileEncoding = 4; lastKnownFileType = text.json; path = 10d.json; sourceTree = "<group>"; };
		53C2855E28BFAEDB00588086 /* 10n.json */ = {isa = PBXFileReference; fileEncoding = 4; lastKnownFileType = text.json; path = 10n.json; sourceTree = "<group>"; };
		53C2855F28BFAEDB00588086 /* 50n.json */ = {isa = PBXFileReference; fileEncoding = 4; lastKnownFileType = text.json; path = 50n.json; sourceTree = "<group>"; };
		53C2856028BFAEDB00588086 /* 03d.json */ = {isa = PBXFileReference; fileEncoding = 4; lastKnownFileType = text.json; path = 03d.json; sourceTree = "<group>"; };
		53C2856128BFAEDB00588086 /* 01n.json */ = {isa = PBXFileReference; fileEncoding = 4; lastKnownFileType = text.json; path = 01n.json; sourceTree = "<group>"; };
		53C2856228BFAEDB00588086 /* 04n.json */ = {isa = PBXFileReference; fileEncoding = 4; lastKnownFileType = text.json; path = 04n.json; sourceTree = "<group>"; };
		53C2856328BFAEDB00588086 /* 13d.json */ = {isa = PBXFileReference; fileEncoding = 4; lastKnownFileType = text.json; path = 13d.json; sourceTree = "<group>"; };
		53C2856428BFAEDB00588086 /* 04d.json */ = {isa = PBXFileReference; fileEncoding = 4; lastKnownFileType = text.json; path = 04d.json; sourceTree = "<group>"; };
		53C2856528BFAEDB00588086 /* 09n.json */ = {isa = PBXFileReference; fileEncoding = 4; lastKnownFileType = text.json; path = 09n.json; sourceTree = "<group>"; };
		53C2856628BFAEDB00588086 /* 13n.json */ = {isa = PBXFileReference; fileEncoding = 4; lastKnownFileType = text.json; path = 13n.json; sourceTree = "<group>"; };
		53C2856728BFAEDB00588086 /* 50d.json */ = {isa = PBXFileReference; fileEncoding = 4; lastKnownFileType = text.json; path = 50d.json; sourceTree = "<group>"; };
		53C2856828BFAEDB00588086 /* 03n.json */ = {isa = PBXFileReference; fileEncoding = 4; lastKnownFileType = text.json; path = 03n.json; sourceTree = "<group>"; };
		53C2856928BFAEDB00588086 /* 11n.json */ = {isa = PBXFileReference; fileEncoding = 4; lastKnownFileType = text.json; path = 11n.json; sourceTree = "<group>"; };
		53C2856A28BFAEDB00588086 /* 11d.json */ = {isa = PBXFileReference; fileEncoding = 4; lastKnownFileType = text.json; path = 11d.json; sourceTree = "<group>"; };
		53C2856B28BFAEDC00588086 /* 01d.json */ = {isa = PBXFileReference; fileEncoding = 4; lastKnownFileType = text.json; path = 01d.json; sourceTree = "<group>"; };
		53C2856C28BFAEDC00588086 /* 02d.json */ = {isa = PBXFileReference; fileEncoding = 4; lastKnownFileType = text.json; path = 02d.json; sourceTree = "<group>"; };
		53C2856D28BFAEDC00588086 /* 09d.json */ = {isa = PBXFileReference; fileEncoding = 4; lastKnownFileType = text.json; path = 09d.json; sourceTree = "<group>"; };
		53C375ED28C3896D002D97B1 /* TranslationServiceTestCase.swift */ = {isa = PBXFileReference; lastKnownFileType = sourcecode.swift; path = TranslationServiceTestCase.swift; sourceTree = "<group>"; };
		53C44AEB28C669CF00387A9A /* URLSessionFake.swift */ = {isa = PBXFileReference; lastKnownFileType = sourcecode.swift; path = URLSessionFake.swift; sourceTree = "<group>"; };
		53C44AED28C66A2200387A9A /* FakeResponseData.swift */ = {isa = PBXFileReference; lastKnownFileType = sourcecode.swift; path = FakeResponseData.swift; sourceTree = "<group>"; };
		53C44AF628C7E09500387A9A /* TranslationVC+CurrencyVC.swift */ = {isa = PBXFileReference; lastKnownFileType = sourcecode.swift; path = "TranslationVC+CurrencyVC.swift"; sourceTree = "<group>"; };
		53CD127C2874BA9B00153C7E /* Lottie_Translate.json */ = {isa = PBXFileReference; fileEncoding = 4; lastKnownFileType = text.json; path = Lottie_Translate.json; sourceTree = "<group>"; };
		672C9A7D5017F871B46F2BFE /* Pods-LeBaluchon.release.xcconfig */ = {isa = PBXFileReference; includeInIndex = 1; lastKnownFileType = text.xcconfig; name = "Pods-LeBaluchon.release.xcconfig"; path = "Target Support Files/Pods-LeBaluchon/Pods-LeBaluchon.release.xcconfig"; sourceTree = "<group>"; };
		FD12DE2C610D39DD6B735029 /* Pods-LeBaluchon.debug.xcconfig */ = {isa = PBXFileReference; includeInIndex = 1; lastKnownFileType = text.xcconfig; name = "Pods-LeBaluchon.debug.xcconfig"; path = "Target Support Files/Pods-LeBaluchon/Pods-LeBaluchon.debug.xcconfig"; sourceTree = "<group>"; };
/* End PBXFileReference section */

/* Begin PBXFrameworksBuildPhase section */
		53760106285114FF00A9D833 /* Frameworks */ = {
			isa = PBXFrameworksBuildPhase;
			buildActionMask = 2147483647;
			files = (
				21168B24B9475371F5398A36 /* Pods_LeBaluchon.framework in Frameworks */,
			);
			runOnlyForDeploymentPostprocessing = 0;
		};
		5376011C2851150700A9D833 /* Frameworks */ = {
			isa = PBXFrameworksBuildPhase;
			buildActionMask = 2147483647;
			files = (
			);
			runOnlyForDeploymentPostprocessing = 0;
		};
		537601262851150700A9D833 /* Frameworks */ = {
			isa = PBXFrameworksBuildPhase;
			buildActionMask = 2147483647;
			files = (
			);
			runOnlyForDeploymentPostprocessing = 0;
		};
/* End PBXFrameworksBuildPhase section */

/* Begin PBXGroup section */
		53760100285114FE00A9D833 = {
			isa = PBXGroup;
			children = (
				5376010B285114FF00A9D833 /* LeBaluchon */,
				537601222851150700A9D833 /* LeBaluchonTests */,
				5376012C2851150700A9D833 /* LeBaluchonUITests */,
				5376010A285114FF00A9D833 /* Products */,
				5EAB8530D19790EF16A369E7 /* Pods */,
				A16DA5B13B0B2480FF21ACE4 /* Frameworks */,
			);
			sourceTree = "<group>";
		};
		5376010A285114FF00A9D833 /* Products */ = {
			isa = PBXGroup;
			children = (
				53760109285114FF00A9D833 /* LeBaluchon.app */,
				5376011F2851150700A9D833 /* LeBaluchonTests.xctest */,
				537601292851150700A9D833 /* LeBaluchonUITests.xctest */,
			);
			name = Products;
			sourceTree = "<group>";
		};
		5376010B285114FF00A9D833 /* LeBaluchon */ = {
			isa = PBXGroup;
			children = (
				5376010C285114FF00A9D833 /* AppDelegate.swift */,
				5376010E285114FF00A9D833 /* SceneDelegate.swift */,
				5376013C2851152300A9D833 /* Controllers */,
				53C44AF528C7E05F00387A9A /* Extensions */,
				53B0AC782893CCA200C00469 /* Model */,
				53CD127B2874BA5600153C7E /* Animations */,
				53760112285114FF00A9D833 /* Main.storyboard */,
				537601152851150600A9D833 /* Assets.xcassets */,
				537601172851150600A9D833 /* LaunchScreen.storyboard */,
				5376011A2851150600A9D833 /* Info.plist */,
			);
			path = LeBaluchon;
			sourceTree = "<group>";
		};
		537601222851150700A9D833 /* LeBaluchonTests */ = {
			isa = PBXGroup;
			children = (
				53C2772228C93BD7000ABCE5 /* WeatherTests */,
				53C2771C28C8C6CD000ABCE5 /* TranslationTests */,
				53C2771D28C91688000ABCE5 /* CurrencyTests */,
				53C44AED28C66A2200387A9A /* FakeResponseData.swift */,
				53C44AEB28C669CF00387A9A /* URLSessionFake.swift */,
				537601232851150700A9D833 /* LeBaluchonTests.swift */,
			);
			path = LeBaluchonTests;
			sourceTree = "<group>";
		};
		5376012C2851150700A9D833 /* LeBaluchonUITests */ = {
			isa = PBXGroup;
			children = (
				5376012D2851150700A9D833 /* LeBaluchonUITests.swift */,
				5376012F2851150700A9D833 /* LeBaluchonUITestsLaunchTests.swift */,
			);
			path = LeBaluchonUITests;
			sourceTree = "<group>";
		};
		5376013C2851152300A9D833 /* Controllers */ = {
			isa = PBXGroup;
			children = (
				5376013D2851154500A9D833 /* WeatherViewController.swift */,
				5376013F285115D500A9D833 /* CurrencyViewController.swift */,
				537601412851161100A9D833 /* TranslationViewController.swift */,
				534BA93628C5FB5F004CDE20 /* MessageAlerts.swift */,
			);
			path = Controllers;
			sourceTree = "<group>";
		};
		53B0AC782893CCA200C00469 /* Model */ = {
			isa = PBXGroup;
			children = (
				53BD130228B93E9800FB74D1 /* Weather */,
				53B0AC7D2893D03500C00469 /* Translation */,
				53BCDE0E28A69883002C82BB /* Currency */,
			);
			path = Model;
			sourceTree = "<group>";
		};
		53B0AC7D2893D03500C00469 /* Translation */ = {
			isa = PBXGroup;
			children = (
				53B0AC792893D01E00C00469 /* TranslationService.swift */,
				53B0AC7B2893D02F00C00469 /* Translation.swift */,
				53B0103228A4463500462024 /* Languages.swift */,
			);
			path = Translation;
			sourceTree = "<group>";
		};
		53BCDE0E28A69883002C82BB /* Currency */ = {
			isa = PBXGroup;
			children = (
				53BCDE0F28A698E9002C82BB /* CurrencyService.swift */,
				53BCDE1128A6A8FB002C82BB /* Currency.swift */,
				53BD0A8D28ACEB4E00F68BD7 /* Currencies.swift */,
			);
			path = Currency;
			sourceTree = "<group>";
		};
		53BD130228B93E9800FB74D1 /* Weather */ = {
			isa = PBXGroup;
			children = (
				53BD130328B93EBE00FB74D1 /* WeatherService.swift */,
				53BD130528B93ECC00FB74D1 /* Weather.swift */,
			);
			path = Weather;
			sourceTree = "<group>";
		};
		53C2771C28C8C6CD000ABCE5 /* TranslationTests */ = {
			isa = PBXGroup;
			children = (
				53C375ED28C3896D002D97B1 /* TranslationServiceTestCase.swift */,
				53C2771A28C8C6B4000ABCE5 /* Translate.json */,
			);
			path = TranslationTests;
			sourceTree = "<group>";
		};
		53C2771D28C91688000ABCE5 /* CurrencyTests */ = {
			isa = PBXGroup;
			children = (
				53C2772028C92C00000ABCE5 /* CurrencyServiceTestCase.swift */,
				53C2771E28C92BCE000ABCE5 /* Currency.json */,
			);
			path = CurrencyTests;
			sourceTree = "<group>";
		};
		53C2772228C93BD7000ABCE5 /* WeatherTests */ = {
			isa = PBXGroup;
			children = (
				53C2772328C93C41000ABCE5 /* WeatherServiceTestCase.swift */,
				53C2772728C9D9F0000ABCE5 /* Weather.json */,
			);
			path = WeatherTests;
			sourceTree = "<group>";
		};
		53C44AF528C7E05F00387A9A /* Extensions */ = {
			isa = PBXGroup;
			children = (
				53C44AF628C7E09500387A9A /* TranslationVC+CurrencyVC.swift */,
			);
			path = Extensions;
			sourceTree = "<group>";
		};
		53CD127B2874BA5600153C7E /* Animations */ = {
			isa = PBXGroup;
			children = (
				53C2856B28BFAEDC00588086 /* 01d.json */,
				53C2856128BFAEDB00588086 /* 01n.json */,
				53C2856C28BFAEDC00588086 /* 02d.json */,
				53C2855C28BFAEDB00588086 /* 02n.json */,
				53C2856028BFAEDB00588086 /* 03d.json */,
				53C2856828BFAEDB00588086 /* 03n.json */,
				53C2856428BFAEDB00588086 /* 04d.json */,
				53C2856228BFAEDB00588086 /* 04n.json */,
				53C2856D28BFAEDC00588086 /* 09d.json */,
				53C2856528BFAEDB00588086 /* 09n.json */,
				53C2855D28BFAEDB00588086 /* 10d.json */,
				53C2855E28BFAEDB00588086 /* 10n.json */,
				53C2856A28BFAEDB00588086 /* 11d.json */,
				53C2856928BFAEDB00588086 /* 11n.json */,
				53C2856328BFAEDB00588086 /* 13d.json */,
				53C2856628BFAEDB00588086 /* 13n.json */,
				53C2856728BFAEDB00588086 /* 50d.json */,
				53C2855F28BFAEDB00588086 /* 50n.json */,
				534C3801288A026B00368170 /* Lottie_Currency.json */,
				53CD127C2874BA9B00153C7E /* Lottie_Translate.json */,
			);
			path = Animations;
			sourceTree = "<group>";
		};
		5EAB8530D19790EF16A369E7 /* Pods */ = {
			isa = PBXGroup;
			children = (
				FD12DE2C610D39DD6B735029 /* Pods-LeBaluchon.debug.xcconfig */,
				672C9A7D5017F871B46F2BFE /* Pods-LeBaluchon.release.xcconfig */,
			);
			path = Pods;
			sourceTree = "<group>";
		};
		A16DA5B13B0B2480FF21ACE4 /* Frameworks */ = {
			isa = PBXGroup;
			children = (
				43BC929D0E5493A03B62CCF1 /* Pods_LeBaluchon.framework */,
			);
			name = Frameworks;
			sourceTree = "<group>";
		};
/* End PBXGroup section */

/* Begin PBXNativeTarget section */
		53760108285114FF00A9D833 /* LeBaluchon */ = {
			isa = PBXNativeTarget;
			buildConfigurationList = 537601332851150700A9D833 /* Build configuration list for PBXNativeTarget "LeBaluchon" */;
			buildPhases = (
				D77CEF21E3276646B1AA2995 /* [CP] Check Pods Manifest.lock */,
				53760105285114FF00A9D833 /* Sources */,
				53760106285114FF00A9D833 /* Frameworks */,
				53760107285114FF00A9D833 /* Resources */,
				48B1A9E3CB8BAD79CD850423 /* [CP] Embed Pods Frameworks */,
			);
			buildRules = (
			);
			dependencies = (
			);
			name = LeBaluchon;
			productName = LeBaluchon;
			productReference = 53760109285114FF00A9D833 /* LeBaluchon.app */;
			productType = "com.apple.product-type.application";
		};
		5376011E2851150700A9D833 /* LeBaluchonTests */ = {
			isa = PBXNativeTarget;
			buildConfigurationList = 537601362851150700A9D833 /* Build configuration list for PBXNativeTarget "LeBaluchonTests" */;
			buildPhases = (
				5376011B2851150700A9D833 /* Sources */,
				5376011C2851150700A9D833 /* Frameworks */,
				5376011D2851150700A9D833 /* Resources */,
			);
			buildRules = (
			);
			dependencies = (
				537601212851150700A9D833 /* PBXTargetDependency */,
			);
			name = LeBaluchonTests;
			productName = LeBaluchonTests;
			productReference = 5376011F2851150700A9D833 /* LeBaluchonTests.xctest */;
			productType = "com.apple.product-type.bundle.unit-test";
		};
		537601282851150700A9D833 /* LeBaluchonUITests */ = {
			isa = PBXNativeTarget;
			buildConfigurationList = 537601392851150700A9D833 /* Build configuration list for PBXNativeTarget "LeBaluchonUITests" */;
			buildPhases = (
				537601252851150700A9D833 /* Sources */,
				537601262851150700A9D833 /* Frameworks */,
				537601272851150700A9D833 /* Resources */,
			);
			buildRules = (
			);
			dependencies = (
				5376012B2851150700A9D833 /* PBXTargetDependency */,
			);
			name = LeBaluchonUITests;
			productName = LeBaluchonUITests;
			productReference = 537601292851150700A9D833 /* LeBaluchonUITests.xctest */;
			productType = "com.apple.product-type.bundle.ui-testing";
		};
/* End PBXNativeTarget section */

/* Begin PBXProject section */
		53760101285114FE00A9D833 /* Project object */ = {
			isa = PBXProject;
			attributes = {
				BuildIndependentTargetsInParallel = 1;
				LastSwiftUpdateCheck = 1340;
				LastUpgradeCheck = 1340;
				TargetAttributes = {
					53760108285114FF00A9D833 = {
						CreatedOnToolsVersion = 13.4.1;
					};
					5376011E2851150700A9D833 = {
						CreatedOnToolsVersion = 13.4.1;
						TestTargetID = 53760108285114FF00A9D833;
					};
					537601282851150700A9D833 = {
						CreatedOnToolsVersion = 13.4.1;
						TestTargetID = 53760108285114FF00A9D833;
					};
				};
			};
			buildConfigurationList = 53760104285114FE00A9D833 /* Build configuration list for PBXProject "LeBaluchon" */;
			compatibilityVersion = "Xcode 13.0";
			developmentRegion = en;
			hasScannedForEncodings = 0;
			knownRegions = (
				en,
				Base,
			);
			mainGroup = 53760100285114FE00A9D833;
			productRefGroup = 5376010A285114FF00A9D833 /* Products */;
			projectDirPath = "";
			projectRoot = "";
			targets = (
				53760108285114FF00A9D833 /* LeBaluchon */,
				5376011E2851150700A9D833 /* LeBaluchonTests */,
				537601282851150700A9D833 /* LeBaluchonUITests */,
			);
		};
/* End PBXProject section */

/* Begin PBXResourcesBuildPhase section */
		53760107285114FF00A9D833 /* Resources */ = {
			isa = PBXResourcesBuildPhase;
			buildActionMask = 2147483647;
			files = (
				53C2857D28BFAEDC00588086 /* 01d.json in Resources */,
				53C2857328BFAEDC00588086 /* 01n.json in Resources */,
				53C2857128BFAEDC00588086 /* 50n.json in Resources */,
				53C2857828BFAEDC00588086 /* 13n.json in Resources */,
				53C2856E28BFAEDC00588086 /* 02n.json in Resources */,
				53C2856F28BFAEDC00588086 /* 10d.json in Resources */,
				537601192851150600A9D833 /* LaunchScreen.storyboard in Resources */,
				53C2857B28BFAEDC00588086 /* 11n.json in Resources */,
				53C2857E28BFAEDC00588086 /* 02d.json in Resources */,
				53C2857528BFAEDC00588086 /* 13d.json in Resources */,
				53C2857628BFAEDC00588086 /* 04d.json in Resources */,
				537601162851150600A9D833 /* Assets.xcassets in Resources */,
				53C2857A28BFAEDC00588086 /* 03n.json in Resources */,
				53C2857428BFAEDC00588086 /* 04n.json in Resources */,
				53C2857728BFAEDC00588086 /* 09n.json in Resources */,
				53CD127D2874BA9B00153C7E /* Lottie_Translate.json in Resources */,
				53C2857F28BFAEDC00588086 /* 09d.json in Resources */,
				53C2857C28BFAEDC00588086 /* 11d.json in Resources */,
				53760114285114FF00A9D833 /* Main.storyboard in Resources */,
				534C3802288A026B00368170 /* Lottie_Currency.json in Resources */,
				53C2857928BFAEDC00588086 /* 50d.json in Resources */,
				53C2857028BFAEDC00588086 /* 10n.json in Resources */,
				53C2857228BFAEDC00588086 /* 03d.json in Resources */,
			);
			runOnlyForDeploymentPostprocessing = 0;
		};
		5376011D2851150700A9D833 /* Resources */ = {
			isa = PBXResourcesBuildPhase;
			buildActionMask = 2147483647;
			files = (
				53C2771F28C92BCE000ABCE5 /* Currency.json in Resources */,
				53C2772828C9D9F0000ABCE5 /* Weather.json in Resources */,
				53C2771B28C8C6B4000ABCE5 /* Translate.json in Resources */,
			);
			runOnlyForDeploymentPostprocessing = 0;
		};
		537601272851150700A9D833 /* Resources */ = {
			isa = PBXResourcesBuildPhase;
			buildActionMask = 2147483647;
			files = (
			);
			runOnlyForDeploymentPostprocessing = 0;
		};
/* End PBXResourcesBuildPhase section */

/* Begin PBXShellScriptBuildPhase section */
		48B1A9E3CB8BAD79CD850423 /* [CP] Embed Pods Frameworks */ = {
			isa = PBXShellScriptBuildPhase;
			buildActionMask = 2147483647;
			files = (
			);
			inputFileListPaths = (
				"${PODS_ROOT}/Target Support Files/Pods-LeBaluchon/Pods-LeBaluchon-frameworks-${CONFIGURATION}-input-files.xcfilelist",
			);
			name = "[CP] Embed Pods Frameworks";
			outputFileListPaths = (
				"${PODS_ROOT}/Target Support Files/Pods-LeBaluchon/Pods-LeBaluchon-frameworks-${CONFIGURATION}-output-files.xcfilelist",
			);
			runOnlyForDeploymentPostprocessing = 0;
			shellPath = /bin/sh;
			shellScript = "\"${PODS_ROOT}/Target Support Files/Pods-LeBaluchon/Pods-LeBaluchon-frameworks.sh\"\n";
			showEnvVarsInLog = 0;
		};
		D77CEF21E3276646B1AA2995 /* [CP] Check Pods Manifest.lock */ = {
			isa = PBXShellScriptBuildPhase;
			buildActionMask = 2147483647;
			files = (
			);
			inputFileListPaths = (
			);
			inputPaths = (
				"${PODS_PODFILE_DIR_PATH}/Podfile.lock",
				"${PODS_ROOT}/Manifest.lock",
			);
			name = "[CP] Check Pods Manifest.lock";
			outputFileListPaths = (
			);
			outputPaths = (
				"$(DERIVED_FILE_DIR)/Pods-LeBaluchon-checkManifestLockResult.txt",
			);
			runOnlyForDeploymentPostprocessing = 0;
			shellPath = /bin/sh;
			shellScript = "diff \"${PODS_PODFILE_DIR_PATH}/Podfile.lock\" \"${PODS_ROOT}/Manifest.lock\" > /dev/null\nif [ $? != 0 ] ; then\n    # print error to STDERR\n    echo \"error: The sandbox is not in sync with the Podfile.lock. Run 'pod install' or update your CocoaPods installation.\" >&2\n    exit 1\nfi\n# This output is used by Xcode 'outputs' to avoid re-running this script phase.\necho \"SUCCESS\" > \"${SCRIPT_OUTPUT_FILE_0}\"\n";
			showEnvVarsInLog = 0;
		};
/* End PBXShellScriptBuildPhase section */

/* Begin PBXSourcesBuildPhase section */
		53760105285114FF00A9D833 /* Sources */ = {
			isa = PBXSourcesBuildPhase;
			buildActionMask = 2147483647;
			files = (
				53C44AF728C7E09500387A9A /* TranslationVC+CurrencyVC.swift in Sources */,
				534BA93728C5FB5F004CDE20 /* MessageAlerts.swift in Sources */,
				5376013E2851154500A9D833 /* WeatherViewController.swift in Sources */,
				53B0103328A4463500462024 /* Languages.swift in Sources */,
				53BCDE1028A698E9002C82BB /* CurrencyService.swift in Sources */,
				537601422851161100A9D833 /* TranslationViewController.swift in Sources */,
				53BD130428B93EBE00FB74D1 /* WeatherService.swift in Sources */,
				5376010D285114FF00A9D833 /* AppDelegate.swift in Sources */,
				5376010F285114FF00A9D833 /* SceneDelegate.swift in Sources */,
				53BCDE1228A6A8FC002C82BB /* Currency.swift in Sources */,
				53BD130628B93ECC00FB74D1 /* Weather.swift in Sources */,
				53B0AC7C2893D02F00C00469 /* Translation.swift in Sources */,
				53760140285115D500A9D833 /* CurrencyViewController.swift in Sources */,
				53BD0A8E28ACEB4E00F68BD7 /* Currencies.swift in Sources */,
				53B0AC7A2893D01E00C00469 /* TranslationService.swift in Sources */,
			);
			runOnlyForDeploymentPostprocessing = 0;
		};
		5376011B2851150700A9D833 /* Sources */ = {
			isa = PBXSourcesBuildPhase;
			buildActionMask = 2147483647;
			files = (
				53C2772428C93C41000ABCE5 /* WeatherServiceTestCase.swift in Sources */,
				53C2772128C92C00000ABCE5 /* CurrencyServiceTestCase.swift in Sources */,
				53C375EE28C3896D002D97B1 /* TranslationServiceTestCase.swift in Sources */,
				53C44AEE28C66A2200387A9A /* FakeResponseData.swift in Sources */,
				53C44AEC28C669D000387A9A /* URLSessionFake.swift in Sources */,
				537601242851150700A9D833 /* LeBaluchonTests.swift in Sources */,
			);
			runOnlyForDeploymentPostprocessing = 0;
		};
		537601252851150700A9D833 /* Sources */ = {
			isa = PBXSourcesBuildPhase;
			buildActionMask = 2147483647;
			files = (
				5376012E2851150700A9D833 /* LeBaluchonUITests.swift in Sources */,
				537601302851150700A9D833 /* LeBaluchonUITestsLaunchTests.swift in Sources */,
			);
			runOnlyForDeploymentPostprocessing = 0;
		};
/* End PBXSourcesBuildPhase section */

/* Begin PBXTargetDependency section */
		537601212851150700A9D833 /* PBXTargetDependency */ = {
			isa = PBXTargetDependency;
			target = 53760108285114FF00A9D833 /* LeBaluchon */;
			targetProxy = 537601202851150700A9D833 /* PBXContainerItemProxy */;
		};
		5376012B2851150700A9D833 /* PBXTargetDependency */ = {
			isa = PBXTargetDependency;
			target = 53760108285114FF00A9D833 /* LeBaluchon */;
			targetProxy = 5376012A2851150700A9D833 /* PBXContainerItemProxy */;
		};
/* End PBXTargetDependency section */

/* Begin PBXVariantGroup section */
		53760112285114FF00A9D833 /* Main.storyboard */ = {
			isa = PBXVariantGroup;
			children = (
				53760113285114FF00A9D833 /* Base */,
			);
			name = Main.storyboard;
			sourceTree = "<group>";
		};
		537601172851150600A9D833 /* LaunchScreen.storyboard */ = {
			isa = PBXVariantGroup;
			children = (
				537601182851150600A9D833 /* Base */,
			);
			name = LaunchScreen.storyboard;
			sourceTree = "<group>";
		};
/* End PBXVariantGroup section */

/* Begin XCBuildConfiguration section */
		537601312851150700A9D833 /* Debug */ = {
			isa = XCBuildConfiguration;
			buildSettings = {
				ALWAYS_SEARCH_USER_PATHS = NO;
				CLANG_ANALYZER_NONNULL = YES;
				CLANG_ANALYZER_NUMBER_OBJECT_CONVERSION = YES_AGGRESSIVE;
				CLANG_CXX_LANGUAGE_STANDARD = "gnu++17";
				CLANG_ENABLE_MODULES = YES;
				CLANG_ENABLE_OBJC_ARC = YES;
				CLANG_ENABLE_OBJC_WEAK = YES;
				CLANG_WARN_BLOCK_CAPTURE_AUTORELEASING = YES;
				CLANG_WARN_BOOL_CONVERSION = YES;
				CLANG_WARN_COMMA = YES;
				CLANG_WARN_CONSTANT_CONVERSION = YES;
				CLANG_WARN_DEPRECATED_OBJC_IMPLEMENTATIONS = YES;
				CLANG_WARN_DIRECT_OBJC_ISA_USAGE = YES_ERROR;
				CLANG_WARN_DOCUMENTATION_COMMENTS = YES;
				CLANG_WARN_EMPTY_BODY = YES;
				CLANG_WARN_ENUM_CONVERSION = YES;
				CLANG_WARN_INFINITE_RECURSION = YES;
				CLANG_WARN_INT_CONVERSION = YES;
				CLANG_WARN_NON_LITERAL_NULL_CONVERSION = YES;
				CLANG_WARN_OBJC_IMPLICIT_RETAIN_SELF = YES;
				CLANG_WARN_OBJC_LITERAL_CONVERSION = YES;
				CLANG_WARN_OBJC_ROOT_CLASS = YES_ERROR;
				CLANG_WARN_QUOTED_INCLUDE_IN_FRAMEWORK_HEADER = YES;
				CLANG_WARN_RANGE_LOOP_ANALYSIS = YES;
				CLANG_WARN_STRICT_PROTOTYPES = YES;
				CLANG_WARN_SUSPICIOUS_MOVE = YES;
				CLANG_WARN_UNGUARDED_AVAILABILITY = YES_AGGRESSIVE;
				CLANG_WARN_UNREACHABLE_CODE = YES;
				CLANG_WARN__DUPLICATE_METHOD_MATCH = YES;
				COPY_PHASE_STRIP = NO;
				DEBUG_INFORMATION_FORMAT = dwarf;
				ENABLE_STRICT_OBJC_MSGSEND = YES;
				ENABLE_TESTABILITY = YES;
				GCC_C_LANGUAGE_STANDARD = gnu11;
				GCC_DYNAMIC_NO_PIC = NO;
				GCC_NO_COMMON_BLOCKS = YES;
				GCC_OPTIMIZATION_LEVEL = 0;
				GCC_PREPROCESSOR_DEFINITIONS = (
					"DEBUG=1",
					"$(inherited)",
				);
				GCC_WARN_64_TO_32_BIT_CONVERSION = YES;
				GCC_WARN_ABOUT_RETURN_TYPE = YES_ERROR;
				GCC_WARN_UNDECLARED_SELECTOR = YES;
				GCC_WARN_UNINITIALIZED_AUTOS = YES_AGGRESSIVE;
				GCC_WARN_UNUSED_FUNCTION = YES;
				GCC_WARN_UNUSED_VARIABLE = YES;
				IPHONEOS_DEPLOYMENT_TARGET = 15.5;
				MTL_ENABLE_DEBUG_INFO = INCLUDE_SOURCE;
				MTL_FAST_MATH = YES;
				ONLY_ACTIVE_ARCH = YES;
				SDKROOT = iphoneos;
				SWIFT_ACTIVE_COMPILATION_CONDITIONS = DEBUG;
				SWIFT_OPTIMIZATION_LEVEL = "-Onone";
			};
			name = Debug;
		};
		537601322851150700A9D833 /* Release */ = {
			isa = XCBuildConfiguration;
			buildSettings = {
				ALWAYS_SEARCH_USER_PATHS = NO;
				CLANG_ANALYZER_NONNULL = YES;
				CLANG_ANALYZER_NUMBER_OBJECT_CONVERSION = YES_AGGRESSIVE;
				CLANG_CXX_LANGUAGE_STANDARD = "gnu++17";
				CLANG_ENABLE_MODULES = YES;
				CLANG_ENABLE_OBJC_ARC = YES;
				CLANG_ENABLE_OBJC_WEAK = YES;
				CLANG_WARN_BLOCK_CAPTURE_AUTORELEASING = YES;
				CLANG_WARN_BOOL_CONVERSION = YES;
				CLANG_WARN_COMMA = YES;
				CLANG_WARN_CONSTANT_CONVERSION = YES;
				CLANG_WARN_DEPRECATED_OBJC_IMPLEMENTATIONS = YES;
				CLANG_WARN_DIRECT_OBJC_ISA_USAGE = YES_ERROR;
				CLANG_WARN_DOCUMENTATION_COMMENTS = YES;
				CLANG_WARN_EMPTY_BODY = YES;
				CLANG_WARN_ENUM_CONVERSION = YES;
				CLANG_WARN_INFINITE_RECURSION = YES;
				CLANG_WARN_INT_CONVERSION = YES;
				CLANG_WARN_NON_LITERAL_NULL_CONVERSION = YES;
				CLANG_WARN_OBJC_IMPLICIT_RETAIN_SELF = YES;
				CLANG_WARN_OBJC_LITERAL_CONVERSION = YES;
				CLANG_WARN_OBJC_ROOT_CLASS = YES_ERROR;
				CLANG_WARN_QUOTED_INCLUDE_IN_FRAMEWORK_HEADER = YES;
				CLANG_WARN_RANGE_LOOP_ANALYSIS = YES;
				CLANG_WARN_STRICT_PROTOTYPES = YES;
				CLANG_WARN_SUSPICIOUS_MOVE = YES;
				CLANG_WARN_UNGUARDED_AVAILABILITY = YES_AGGRESSIVE;
				CLANG_WARN_UNREACHABLE_CODE = YES;
				CLANG_WARN__DUPLICATE_METHOD_MATCH = YES;
				COPY_PHASE_STRIP = NO;
				DEBUG_INFORMATION_FORMAT = "dwarf-with-dsym";
				ENABLE_NS_ASSERTIONS = NO;
				ENABLE_STRICT_OBJC_MSGSEND = YES;
				GCC_C_LANGUAGE_STANDARD = gnu11;
				GCC_NO_COMMON_BLOCKS = YES;
				GCC_WARN_64_TO_32_BIT_CONVERSION = YES;
				GCC_WARN_ABOUT_RETURN_TYPE = YES_ERROR;
				GCC_WARN_UNDECLARED_SELECTOR = YES;
				GCC_WARN_UNINITIALIZED_AUTOS = YES_AGGRESSIVE;
				GCC_WARN_UNUSED_FUNCTION = YES;
				GCC_WARN_UNUSED_VARIABLE = YES;
				IPHONEOS_DEPLOYMENT_TARGET = 15.5;
				MTL_ENABLE_DEBUG_INFO = NO;
				MTL_FAST_MATH = YES;
				SDKROOT = iphoneos;
				SWIFT_COMPILATION_MODE = wholemodule;
				SWIFT_OPTIMIZATION_LEVEL = "-O";
				VALIDATE_PRODUCT = YES;
			};
			name = Release;
		};
		537601342851150700A9D833 /* Debug */ = {
			isa = XCBuildConfiguration;
			baseConfigurationReference = FD12DE2C610D39DD6B735029 /* Pods-LeBaluchon.debug.xcconfig */;
			buildSettings = {
				ASSETCATALOG_COMPILER_APPICON_NAME = AppIcon;
				ASSETCATALOG_COMPILER_GLOBAL_ACCENT_COLOR_NAME = AccentColor;
				CODE_SIGN_STYLE = Automatic;
				CURRENT_PROJECT_VERSION = 1;
				DEVELOPMENT_TEAM = 6GWQ5KLT5K;
				GENERATE_INFOPLIST_FILE = YES;
				INFOPLIST_FILE = LeBaluchon/Info.plist;
				INFOPLIST_KEY_UIApplicationSupportsIndirectInputEvents = YES;
				INFOPLIST_KEY_UILaunchStoryboardName = LaunchScreen;
				INFOPLIST_KEY_UIMainStoryboardFile = Main;
				INFOPLIST_KEY_UISupportedInterfaceOrientations_iPad = "UIInterfaceOrientationPortrait UIInterfaceOrientationPortraitUpsideDown UIInterfaceOrientationLandscapeLeft UIInterfaceOrientationLandscapeRight";
				INFOPLIST_KEY_UISupportedInterfaceOrientations_iPhone = "UIInterfaceOrientationPortrait UIInterfaceOrientationLandscapeLeft UIInterfaceOrientationLandscapeRight";
				IPHONEOS_DEPLOYMENT_TARGET = 13.0;
				LD_RUNPATH_SEARCH_PATHS = (
					"$(inherited)",
					"@executable_path/Frameworks",
				);
				MARKETING_VERSION = 1.0;
				PRODUCT_BUNDLE_IDENTIFIER = RichardMazid.LeBaluchon;
				PRODUCT_NAME = "$(TARGET_NAME)";
				SWIFT_EMIT_LOC_STRINGS = YES;
				SWIFT_VERSION = 5.0;
				TARGETED_DEVICE_FAMILY = 1;
			};
			name = Debug;
		};
		537601352851150700A9D833 /* Release */ = {
			isa = XCBuildConfiguration;
			baseConfigurationReference = 672C9A7D5017F871B46F2BFE /* Pods-LeBaluchon.release.xcconfig */;
			buildSettings = {
				ASSETCATALOG_COMPILER_APPICON_NAME = AppIcon;
				ASSETCATALOG_COMPILER_GLOBAL_ACCENT_COLOR_NAME = AccentColor;
				CODE_SIGN_STYLE = Automatic;
				CURRENT_PROJECT_VERSION = 1;
				DEVELOPMENT_TEAM = 6GWQ5KLT5K;
				GENERATE_INFOPLIST_FILE = YES;
				INFOPLIST_FILE = LeBaluchon/Info.plist;
				INFOPLIST_KEY_UIApplicationSupportsIndirectInputEvents = YES;
				INFOPLIST_KEY_UILaunchStoryboardName = LaunchScreen;
				INFOPLIST_KEY_UIMainStoryboardFile = Main;
				INFOPLIST_KEY_UISupportedInterfaceOrientations_iPad = "UIInterfaceOrientationPortrait UIInterfaceOrientationPortraitUpsideDown UIInterfaceOrientationLandscapeLeft UIInterfaceOrientationLandscapeRight";
				INFOPLIST_KEY_UISupportedInterfaceOrientations_iPhone = "UIInterfaceOrientationPortrait UIInterfaceOrientationLandscapeLeft UIInterfaceOrientationLandscapeRight";
				IPHONEOS_DEPLOYMENT_TARGET = 13.0;
				LD_RUNPATH_SEARCH_PATHS = (
					"$(inherited)",
					"@executable_path/Frameworks",
				);
				MARKETING_VERSION = 1.0;
				PRODUCT_BUNDLE_IDENTIFIER = RichardMazid.LeBaluchon;
				PRODUCT_NAME = "$(TARGET_NAME)";
				SWIFT_EMIT_LOC_STRINGS = YES;
				SWIFT_VERSION = 5.0;
				TARGETED_DEVICE_FAMILY = 1;
			};
			name = Release;
		};
		537601372851150700A9D833 /* Debug */ = {
			isa = XCBuildConfiguration;
			buildSettings = {
				ALWAYS_EMBED_SWIFT_STANDARD_LIBRARIES = YES;
				BUNDLE_LOADER = "$(TEST_HOST)";
				CODE_SIGN_STYLE = Automatic;
				CURRENT_PROJECT_VERSION = 1;
				DEVELOPMENT_TEAM = 6GWQ5KLT5K;
				GENERATE_INFOPLIST_FILE = YES;
				IPHONEOS_DEPLOYMENT_TARGET = 15.5;
				MARKETING_VERSION = 1.0;
				PRODUCT_BUNDLE_IDENTIFIER = RichardMazid.LeBaluchonTests;
				PRODUCT_NAME = "$(TARGET_NAME)";
				SWIFT_EMIT_LOC_STRINGS = NO;
				SWIFT_VERSION = 5.0;
				TARGETED_DEVICE_FAMILY = "1,2";
				TEST_HOST = "$(BUILT_PRODUCTS_DIR)/LeBaluchon.app/LeBaluchon";
			};
			name = Debug;
		};
		537601382851150700A9D833 /* Release */ = {
			isa = XCBuildConfiguration;
			buildSettings = {
				ALWAYS_EMBED_SWIFT_STANDARD_LIBRARIES = YES;
				BUNDLE_LOADER = "$(TEST_HOST)";
				CODE_SIGN_STYLE = Automatic;
				CURRENT_PROJECT_VERSION = 1;
				DEVELOPMENT_TEAM = 6GWQ5KLT5K;
				GENERATE_INFOPLIST_FILE = YES;
				IPHONEOS_DEPLOYMENT_TARGET = 15.5;
				MARKETING_VERSION = 1.0;
				PRODUCT_BUNDLE_IDENTIFIER = RichardMazid.LeBaluchonTests;
				PRODUCT_NAME = "$(TARGET_NAME)";
				SWIFT_EMIT_LOC_STRINGS = NO;
				SWIFT_VERSION = 5.0;
				TARGETED_DEVICE_FAMILY = "1,2";
				TEST_HOST = "$(BUILT_PRODUCTS_DIR)/LeBaluchon.app/LeBaluchon";
			};
			name = Release;
		};
		5376013A2851150700A9D833 /* Debug */ = {
			isa = XCBuildConfiguration;
			buildSettings = {
				ALWAYS_EMBED_SWIFT_STANDARD_LIBRARIES = YES;
				CODE_SIGN_STYLE = Automatic;
				CURRENT_PROJECT_VERSION = 1;
				DEVELOPMENT_TEAM = 6GWQ5KLT5K;
				GENERATE_INFOPLIST_FILE = YES;
				MARKETING_VERSION = 1.0;
				PRODUCT_BUNDLE_IDENTIFIER = RichardMazid.LeBaluchonUITests;
				PRODUCT_NAME = "$(TARGET_NAME)";
				SWIFT_EMIT_LOC_STRINGS = NO;
				SWIFT_VERSION = 5.0;
				TARGETED_DEVICE_FAMILY = "1,2";
				TEST_TARGET_NAME = LeBaluchon;
			};
			name = Debug;
		};
		5376013B2851150700A9D833 /* Release */ = {
			isa = XCBuildConfiguration;
			buildSettings = {
				ALWAYS_EMBED_SWIFT_STANDARD_LIBRARIES = YES;
				CODE_SIGN_STYLE = Automatic;
				CURRENT_PROJECT_VERSION = 1;
				DEVELOPMENT_TEAM = 6GWQ5KLT5K;
				GENERATE_INFOPLIST_FILE = YES;
				MARKETING_VERSION = 1.0;
				PRODUCT_BUNDLE_IDENTIFIER = RichardMazid.LeBaluchonUITests;
				PRODUCT_NAME = "$(TARGET_NAME)";
				SWIFT_EMIT_LOC_STRINGS = NO;
				SWIFT_VERSION = 5.0;
				TARGETED_DEVICE_FAMILY = "1,2";
				TEST_TARGET_NAME = LeBaluchon;
			};
			name = Release;
		};
/* End XCBuildConfiguration section */

/* Begin XCConfigurationList section */
		53760104285114FE00A9D833 /* Build configuration list for PBXProject "LeBaluchon" */ = {
			isa = XCConfigurationList;
			buildConfigurations = (
				537601312851150700A9D833 /* Debug */,
				537601322851150700A9D833 /* Release */,
			);
			defaultConfigurationIsVisible = 0;
			defaultConfigurationName = Release;
		};
		537601332851150700A9D833 /* Build configuration list for PBXNativeTarget "LeBaluchon" */ = {
			isa = XCConfigurationList;
			buildConfigurations = (
				537601342851150700A9D833 /* Debug */,
				537601352851150700A9D833 /* Release */,
			);
			defaultConfigurationIsVisible = 0;
			defaultConfigurationName = Release;
		};
		537601362851150700A9D833 /* Build configuration list for PBXNativeTarget "LeBaluchonTests" */ = {
			isa = XCConfigurationList;
			buildConfigurations = (
				537601372851150700A9D833 /* Debug */,
				537601382851150700A9D833 /* Release */,
			);
			defaultConfigurationIsVisible = 0;
			defaultConfigurationName = Release;
		};
		537601392851150700A9D833 /* Build configuration list for PBXNativeTarget "LeBaluchonUITests" */ = {
			isa = XCConfigurationList;
			buildConfigurations = (
				5376013A2851150700A9D833 /* Debug */,
				5376013B2851150700A9D833 /* Release */,
			);
			defaultConfigurationIsVisible = 0;
			defaultConfigurationName = Release;
		};
/* End XCConfigurationList section */
	};
	rootObject = 53760101285114FE00A9D833 /* Project object */;
}
